
Microsoft Visual Studio Solution File, Format Version 12.00
# Visual Studio Version 16
VisualStudioVersion = 16.0.29411.108
MinimumVisualStudioVersion = 10.0.40219.1
Project("{9A19103F-16F7-4668-BE54-9A1E7A4F7556}") = "task2Console", "task2Console\task2Console.csproj", "{4711E604-CD56-4E5D-A612-59D6A41EFE19}"
EndProject
Project("{2150E333-8FDC-42A3-9474-1A3956D46DE8}") = "NewFolder1", "NewFolder1", "{26B92654-3286-4308-A309-9A0EC91A13F6}"
EndProject
Global
	GlobalSection(SolutionConfigurationPlatforms) = preSolution
		Debug|Any CPU = Debug|Any CPU
		Debug|x64 = Debug|x64
		Debug|x86 = Debug|x86
		Release|Any CPU = Release|Any CPU
		Release|x64 = Release|x64
		Release|x86 = Release|x86
	EndGlobalSection
	GlobalSection(ProjectConfigurationPlatforms) = postSolution
		{4711E604-CD56-4E5D-A612-59D6A41EFE19}.Debug|Any CPU.ActiveCfg = Debug|Any CPU
		{4711E604-CD56-4E5D-A612-59D6A41EFE19}.Debug|Any CPU.Build.0 = Debug|Any CPU
		{4711E604-CD56-4E5D-A612-59D6A41EFE19}.Debug|x64.ActiveCfg = Debug|Any CPU
		{4711E604-CD56-4E5D-A612-59D6A41EFE19}.Debug|x64.Build.0 = Debug|Any CPU
		{4711E604-CD56-4E5D-A612-59D6A41EFE19}.Debug|x86.ActiveCfg = Debug|Any CPU
		{4711E604-CD56-4E5D-A612-59D6A41EFE19}.Debug|x86.Build.0 = Debug|Any CPU
		{4711E604-CD56-4E5D-A612-59D6A41EFE19}.Release|Any CPU.ActiveCfg = Release|Any CPU
		{4711E604-CD56-4E5D-A612-59D6A41EFE19}.Release|Any CPU.Build.0 = Release|Any CPU
		{4711E604-CD56-4E5D-A612-59D6A41EFE19}.Release|x64.ActiveCfg = Release|Any CPU
		{4711E604-CD56-4E5D-A612-59D6A41EFE19}.Release|x64.Build.0 = Release|Any CPU
		{4711E604-CD56-4E5D-A612-59D6A41EFE19}.Release|x86.ActiveCfg = Release|Any CPU
		{4711E604-CD56-4E5D-A612-59D6A41EFE19}.Release|x86.Build.0 = Release|Any CPU
	EndGlobalSection
	GlobalSection(SolutionProperties) = preSolution
		HideSolutionNode = FALSE
	EndGlobalSection
	GlobalSection(ExtensibilityGlobals) = postSolution
		SolutionGuid = {061D5924-85CD-4D26-863B-EF6DF073F572}
	EndGlobalSection
EndGlobal
